Microsoft Visual Studio Solution File, Format Version 12.00
# Visual Studio Version 17
VisualStudioVersion = 17.5.2.0
MinimumVisualStudioVersion = 10.0.40219.1
Project("{2150E333-8FDC-42A3-9474-1A3956D46DE8}") = "2-Applicaiton", "2-Applicaiton", "{AB93B192-68DE-243A-20EE-B0C31C594909}"
EndProject
Project("{FAE04EC0-301F-11D3-BF4B-00C04F79EFBC}") = "KnowledgeGraphTool", "2-Applicaiton\KnowledgeGraphTool\KnowledgeGraphTool.csproj", "{4651D44F-FAF4-F19C-1BBC-457488102F9B}"
EndProject
Global
	GlobalSection(SolutionConfigurationPlatforms) = preSolution
		Debug|Any CPU = Debug|Any CPU
		Release|Any CPU = Release|Any CPU
	EndGlobalSection
	GlobalSection(ProjectConfigurationPlatforms) = postSolution
		{4651D44F-FAF4-F19C-1BBC-457488102F9B}.Debug|Any CPU.ActiveCfg = Debug|Any CPU
		{4651D44F-FAF4-F19C-1BBC-457488102F9B}.Debug|Any CPU.Build.0 = Debug|Any CPU
		{4651D44F-FAF4-F19C-1BBC-457488102F9B}.Release|Any CPU.ActiveCfg = Release|Any CPU
		{4651D44F-FAF4-F19C-1BBC-457488102F9B}.Release|Any CPU.Build.0 = Release|Any CPU
	EndGlobalSection
	GlobalSection(SolutionProperties) = preSolution
		HideSolutionNode = FALSE
	EndGlobalSection
	GlobalSection(NestedProjects) = preSolution
		{4651D44F-FAF4-F19C-1BBC-457488102F9B} = {AB93B192-68DE-243A-20EE-B0C31C594909}
	EndGlobalSection
	GlobalSection(ExtensibilityGlobals) = postSolution
		SolutionGuid = {AAC99CC2-A544-4C3C-B471-6185916950C9}
	EndGlobalSection
EndGlobal
